
Microsoft Visual Studio Solution File, Format Version 12.00
# Visual Studio Version 17
VisualStudioVersion = 17.2.32630.192
MinimumVisualStudioVersion = 10.0.40219.1
Project("{9A19103F-16F7-4668-BE54-9A1E7A4F7556}") = "GnuCopy", "GnuCopy.csproj", "{65FBE926-4264-47C2-9720-C1765A17DFD7}"
EndProject
Project("{C7167F0D-BC9F-4E6E-AFE1-012C56B48DB5}") = "GCStoreproj", "..\GCStoreproj\GCStoreproj.wapproj", "{8646EBFC-461C-4E0E-B931-6B8C2C2B970B}"
EndProject
Global
	GlobalSection(SolutionConfigurationPlatforms) = preSolution
		Debug|Any CPU = Debug|Any CPU
		Debug|ARM = Debug|ARM
		Debug|ARM64 = Debug|ARM64
		Debug|x64 = Debug|x64
		Debug|x86 = Debug|x86
		Release|Any CPU = Release|Any CPU
		Release|ARM = Release|ARM
		Release|ARM64 = Release|ARM64
		Release|x64 = Release|x64
		Release|x86 = Release|x86
	EndGlobalSection
	GlobalSection(ProjectConfigurationPlatforms) = postSolution
		{65FBE926-4264-47C2-9720-C1765A17DFD7}.Debug|Any CPU.ActiveCfg = Debug|x64
		{65FBE926-4264-47C2-9720-C1765A17DFD7}.Debug|Any CPU.Build.0 = Debug|x64
		{65FBE926-4264-47C2-9720-C1765A17DFD7}.Debug|ARM.ActiveCfg = Debug|x64
		{65FBE926-4264-47C2-9720-C1765A17DFD7}.Debug|ARM.Build.0 = Debug|x64
		{65FBE926-4264-47C2-9720-C1765A17DFD7}.Debug|ARM64.ActiveCfg = Debug|x64
		{65FBE926-4264-47C2-9720-C1765A17DFD7}.Debug|ARM64.Build.0 = Debug|x64
		{65FBE926-4264-47C2-9720-C1765A17DFD7}.Debug|x64.ActiveCfg = Debug|x64
		{65FBE926-4264-47C2-9720-C1765A17DFD7}.Debug|x64.Build.0 = Debug|x64
		{65FBE926-4264-47C2-9720-C1765A17DFD7}.Debug|x86.ActiveCfg = Debug|x64
		{65FBE926-4264-47C2-9720-C1765A17DFD7}.Debug|x86.Build.0 = Debug|x64
		{65FBE926-4264-47C2-9720-C1765A17DFD7}.Release|Any CPU.ActiveCfg = Release|x64
		{65FBE926-4264-47C2-9720-C1765A17DFD7}.Release|Any CPU.Build.0 = Release|x64
		{65FBE926-4264-47C2-9720-C1765A17DFD7}.Release|ARM.ActiveCfg = Release|x64
		{65FBE926-4264-47C2-9720-C1765A17DFD7}.Release|ARM.Build.0 = Release|x64
		{65FBE926-4264-47C2-9720-C1765A17DFD7}.Release|ARM64.ActiveCfg = Release|x64
		{65FBE926-4264-47C2-9720-C1765A17DFD7}.Release|ARM64.Build.0 = Release|x64
		{65FBE926-4264-47C2-9720-C1765A17DFD7}.Release|x64.ActiveCfg = Release|x64
		{65FBE926-4264-47C2-9720-C1765A17DFD7}.Release|x64.Build.0 = Release|x64
		{65FBE926-4264-47C2-9720-C1765A17DFD7}.Release|x86.ActiveCfg = Release|x64
		{65FBE926-4264-47C2-9720-C1765A17DFD7}.Release|x86.Build.0 = Release|x64
		{8646EBFC-461C-4E0E-B931-6B8C2C2B970B}.Debug|Any CPU.ActiveCfg = Debug|Any CPU
		{8646EBFC-461C-4E0E-B931-6B8C2C2B970B}.Debug|Any CPU.Build.0 = Debug|Any CPU
		{8646EBFC-461C-4E0E-B931-6B8C2C2B970B}.Debug|Any CPU.Deploy.0 = Debug|Any CPU
		{8646EBFC-461C-4E0E-B931-6B8C2C2B970B}.Debug|ARM.ActiveCfg = Debug|ARM
		{8646EBFC-461C-4E0E-B931-6B8C2C2B970B}.Debug|ARM.Build.0 = Debug|ARM
		{8646EBFC-461C-4E0E-B931-6B8C2C2B970B}.Debug|ARM.Deploy.0 = Debug|ARM
		{8646EBFC-461C-4E0E-B931-6B8C2C2B970B}.Debug|ARM64.ActiveCfg = Debug|ARM64
		{8646EBFC-461C-4E0E-B931-6B8C2C2B970B}.Debug|ARM64.Build.0 = Debug|ARM64
		{8646EBFC-461C-4E0E-B931-6B8C2C2B970B}.Debug|ARM64.Deploy.0 = Debug|ARM64
		{8646EBFC-461C-4E0E-B931-6B8C2C2B970B}.Debug|x64.ActiveCfg = Debug|x64
		{8646EBFC-461C-4E0E-B931-6B8C2C2B970B}.Debug|x64.Build.0 = Debug|x64
		{8646EBFC-461C-4E0E-B931-6B8C2C2B970B}.Debug|x64.Deploy.0 = Debug|x64
		{8646EBFC-461C-4E0E-B931-6B8C2C2B970B}.Debug|x86.ActiveCfg = Debug|x86
		{8646EBFC-461C-4E0E-B931-6B8C2C2B970B}.Debug|x86.Build.0 = Debug|x86
		{8646EBFC-461C-4E0E-B931-6B8C2C2B970B}.Debug|x86.Deploy.0 = Debug|x86
		{8646EBFC-461C-4E0E-B931-6B8C2C2B970B}.Release|Any CPU.ActiveCfg = Release|Any CPU
		{8646EBFC-461C-4E0E-B931-6B8C2C2B970B}.Release|Any CPU.Build.0 = Release|Any CPU
		{8646EBFC-461C-4E0E-B931-6B8C2C2B970B}.Release|Any CPU.Deploy.0 = Release|Any CPU
		{8646EBFC-461C-4E0E-B931-6B8C2C2B970B}.Release|ARM.ActiveCfg = Release|ARM
		{8646EBFC-461C-4E0E-B931-6B8C2C2B970B}.Release|ARM.Build.0 = Release|ARM
		{8646EBFC-461C-4E0E-B931-6B8C2C2B970B}.Release|ARM.Deploy.0 = Release|ARM
		{8646EBFC-461C-4E0E-B931-6B8C2C2B970B}.Release|ARM64.ActiveCfg = Release|ARM64
		{8646EBFC-461C-4E0E-B931-6B8C2C2B970B}.Release|ARM64.Build.0 = Release|ARM64
		{8646EBFC-461C-4E0E-B931-6B8C2C2B970B}.Release|ARM64.Deploy.0 = Release|ARM64
		{8646EBFC-461C-4E0E-B931-6B8C2C2B970B}.Release|x64.ActiveCfg = Release|x64
		{8646EBFC-461C-4E0E-B931-6B8C2C2B970B}.Release|x64.Build.0 = Release|x64
		{8646EBFC-461C-4E0E-B931-6B8C2C2B970B}.Release|x64.Deploy.0 = Release|x64
		{8646EBFC-461C-4E0E-B931-6B8C2C2B970B}.Release|x86.ActiveCfg = Release|x86
		{8646EBFC-461C-4E0E-B931-6B8C2C2B970B}.Release|x86.Build.0 = Release|x86
		{8646EBFC-461C-4E0E-B931-6B8C2C2B970B}.Release|x86.Deploy.0 = Release|x86
	EndGlobalSection
	GlobalSection(SolutionProperties) = preSolution
		HideSolutionNode = FALSE
	EndGlobalSection
	GlobalSection(ExtensibilityGlobals) = postSolution
		SolutionGuid = {748E06B1-2655-454C-A4DF-75F9D9016BAE}
	EndGlobalSection
EndGlobal
